{
  "requires": true,
  "lockfileVersion": 1,
  "dependencies": {
    "@react-native-community/masked-view": {
      "version": "0.1.10",
      "resolved": "https://registry.npmjs.org/@react-native-community/masked-view/-/masked-view-0.1.10.tgz",
      "integrity": "sha512-rk4sWFsmtOw8oyx8SD3KSvawwaK7gRBSEIy2TAwURyGt+3TizssXP1r8nx3zY+R7v2vYYHXZ+k2/GULAT/bcaQ=="
    },
    "axios": {
      "version": "0.21.1",
      "resolved": "https://registry.npmjs.org/axios/-/axios-0.21.1.tgz",
      "integrity": "sha512-dKQiRHxGD9PPRIUNIWvZhPTPpl1rf/OxTYKsqKUDjBwYylTvV7SjSHJb9ratfyzM6wCdLCOYLzs73qpg5c4iGA==",
      "requires": {
        "follow-redirects": "^1.10.0"
      }
    },
    "follow-redirects": {
      "version": "1.13.2",
      "resolved": "https://registry.npmjs.org/follow-redirects/-/follow-redirects-1.13.2.tgz",
      "integrity": "sha512-6mPTgLxYm3r6Bkkg0vNM0HTjfGrOEtsfbhagQvbxDEsEkpNhw582upBaoRZylzen6krEmxXJgt9Ju6HiI4O7BA=="
    },
    "hoist-non-react-statics": {
      "version": "2.5.5",
      "resolved": "https://registry.npmjs.org/hoist-non-react-statics/-/hoist-non-react-statics-2.5.5.tgz",
      "integrity": "sha512-rqcy4pJo55FTTLWt+bU8ukscqHeE/e9KWvsOW2b/a3afxQZhwkQdT1rPPCJ0rYXdj4vNcasY8zHTH+jF/qStxw=="
    },
    "react-hook-form": {
      "version": "6.15.1",
      "resolved": "https://registry.npmjs.org/react-hook-form/-/react-hook-form-6.15.1.tgz",
      "integrity": "sha512-bL0LQuQ3OlM3JYfbacKtBPLOHhmgYz8Lj6ivMrvu2M6e1wnt4sbGRtPEPYCc/8z3WDbjrMwfAfLX92OsB65pFA=="
    },
    "react-native-safe-area-context": {
      "version": "3.1.9",
      "resolved": "https://registry.npmjs.org/react-native-safe-area-context/-/react-native-safe-area-context-3.1.9.tgz",
      "integrity": "sha512-wmcGbdyE/vBSL5IjDPReoJUEqxkZsywZw5gPwsVUV1NBpw5eTIdnL6Y0uNKHE25Z661moxPHQz6kwAkYQyorxA=="
    },
    "react-native-safe-area-view": {
      "version": "1.1.1",
      "resolved": "https://registry.npmjs.org/react-native-safe-area-view/-/react-native-safe-area-view-1.1.1.tgz",
      "integrity": "sha512-bbLCtF+tqECyPWlgkWbIwx4vDPb0GEufx/ZGcSS4UljMcrpwluachDXoW9DBxhbMCc6k1V0ccqHWN7ntbRdERQ==",
      "requires": {
        "hoist-non-react-statics": "^2.3.1"
      }
    }
  }
}
